// !$*UTF8*$!
{
	archiveVersion = 1;
	classes = {
	};
	objectVersion = 50;
	objects = {

/* Begin PBXBuildFile section */
		B33B6EBE22AB431600684E9E /* AppDelegate.swift in Sources */ = {isa = PBXBuildFile; fileRef = B33B6EBD22AB431600684E9E /* AppDelegate.swift */; };
		B33B6EC022AB431600684E9E /* ViewController.swift in Sources */ = {isa = PBXBuildFile; fileRef = B33B6EBF22AB431600684E9E /* ViewController.swift */; };
		B33B6EC322AB431600684E9E /* Main.storyboard in Resources */ = {isa = PBXBuildFile; fileRef = B33B6EC122AB431600684E9E /* Main.storyboard */; };
		B33B6EC522AB431700684E9E /* Assets.xcassets in Resources */ = {isa = PBXBuildFile; fileRef = B33B6EC422AB431700684E9E /* Assets.xcassets */; };
		B33B6EC822AB431700684E9E /* LaunchScreen.storyboard in Resources */ = {isa = PBXBuildFile; fileRef = B33B6EC622AB431700684E9E /* LaunchScreen.storyboard */; };
/* End PBXBuildFile section */

/* Begin PBXFileReference section */
		B33B6EBA22AB431600684E9E /* SwiftVocabulary.app */ = {isa = PBXFileReference; explicitFileType = wrapper.application; includeInIndex = 0; path = SwiftVocabulary.app; sourceTree = BUILT_PRODUCTS_DIR; };
		B33B6EBD22AB431600684E9E /* AppDelegate.swift */ = {isa = PBXFileReference; lastKnownFileType = sourcecode.swift; path = AppDelegate.swift; sourceTree = "<group>"; };
		B33B6EBF22AB431600684E9E /* ViewController.swift */ = {isa = PBXFileReference; lastKnownFileType = sourcecode.swift; path = ViewController.swift; sourceTree = "<group>"; };
		B33B6EC222AB431600684E9E /* Base */ = {isa = PBXFileReference; lastKnownFileType = file.storyboard; name = Base; path = Base.lproj/Main.storyboard; sourceTree = "<group>"; };
		B33B6EC422AB431700684E9E /* Assets.xcassets */ = {isa = PBXFileReference; lastKnownFileType = folder.assetcatalog; path = Assets.xcassets; sourceTree = "<group>"; };
		B33B6EC722AB431700684E9E /* Base */ = {isa = PBXFileReference; lastKnownFileType = file.storyboard; name = Base; path = Base.lproj/LaunchScreen.storyboard; sourceTree = "<group>"; };
		B33B6EC922AB431700684E9E /* Info.plist */ = {isa = PBXFileReference; lastKnownFileType = text.plist.xml; path = Info.plist; sourceTree = "<group>"; };
/* End PBXFileReference section */

/* Begin PBXFrameworksBuildPhase section */
		B33B6EB722AB431600684E9E /* Frameworks */ = {
			isa = PBXFrameworksBuildPhase;
			buildActionMask = 2147483647;
			files = (
			);
			runOnlyForDeploymentPostprocessing = 0;
		};
/* End PBXFrameworksBuildPhase section */

/* Begin PBXGroup section */
		B33B6EB122AB431600684E9E = {
			isa = PBXGroup;
			children = (
				B33B6EBC22AB431600684E9E /* SwiftVocabulary */,
				B33B6ECF22AB432800684E9E /* Resources */,
				B33B6EBB22AB431600684E9E /* Products */,
			);
			sourceTree = "<group>";
		};
		B33B6EBB22AB431600684E9E /* Products */ = {
			isa = PBXGroup;
			children = (
				B33B6EBA22AB431600684E9E /* SwiftVocabulary.app */,
			);
			name = Products;
			sourceTree = "<group>";
		};
		B33B6EBC22AB431600684E9E /* SwiftVocabulary */ = {
			isa = PBXGroup;
			children = (
				B33B6ED222AB434800684E9E /* Models */,
				B33B6ED322AB435000684E9E /* Model Controller */,
				B33B6ED122AB433E00684E9E /* ViewControllers */,
				B33B6ED022AB433600684E9E /* StoryBoards */,
			);
			path = SwiftVocabulary;
			sourceTree = "<group>";
		};
		B33B6ECF22AB432800684E9E /* Resources */ = {
			isa = PBXGroup;
			children = (
				B33B6EBD22AB431600684E9E /* AppDelegate.swift */,
				B33B6EC422AB431700684E9E /* Assets.xcassets */,
				B33B6EC922AB431700684E9E /* Info.plist */,
			);
			path = Resources;
			sourceTree = "<group>";
		};
		B33B6ED022AB433600684E9E /* StoryBoards */ = {
			isa = PBXGroup;
			children = (
				B33B6EC122AB431600684E9E /* Main.storyboard */,
				B33B6EC622AB431700684E9E /* LaunchScreen.storyboard */,
			);
			path = StoryBoards;
			sourceTree = "<group>";
		};
		B33B6ED122AB433E00684E9E /* ViewControllers */ = {
			isa = PBXGroup;
			children = (
				B33B6EBF22AB431600684E9E /* ViewController.swift */,
			);
			path = ViewControllers;
			sourceTree = "<group>";
		};
		B33B6ED222AB434800684E9E /* Models */ = {
			isa = PBXGroup;
			children = (
			);
			path = Models;
			sourceTree = "<group>";
		};
		B33B6ED322AB435000684E9E /* Model Controller */ = {
			isa = PBXGroup;
			children = (
			);
			path = "Model Controller";
			sourceTree = "<group>";
		};
/* End PBXGroup section */

/* Begin PBXNativeTarget section */
		B33B6EB922AB431600684E9E /* SwiftVocabulary */ = {
			isa = PBXNativeTarget;
			buildConfigurationList = B33B6ECC22AB431700684E9E /* Build configuration list for PBXNativeTarget "SwiftVocabulary" */;
			buildPhases = (
				B33B6EB622AB431600684E9E /* Sources */,
				B33B6EB722AB431600684E9E /* Frameworks */,
				B33B6EB822AB431600684E9E /* Resources */,
			);
			buildRules = (
			);
			dependencies = (
			);
			name = SwiftVocabulary;
			productName = SwiftVocabulary;
			productReference = B33B6EBA22AB431600684E9E /* SwiftVocabulary.app */;
			productType = "com.apple.product-type.application";
		};
/* End PBXNativeTarget section */

/* Begin PBXProject section */
		B33B6EB222AB431600684E9E /* Project object */ = {
			isa = PBXProject;
			attributes = {
				LastSwiftUpdateCheck = 1010;
				LastUpgradeCheck = 1010;
				ORGANIZATIONNAME = Seschwan;
				TargetAttributes = {
					B33B6EB922AB431600684E9E = {
						CreatedOnToolsVersion = 10.1;
					};
				};
			};
			buildConfigurationList = B33B6EB522AB431600684E9E /* Build configuration list for PBXProject "SwiftVocabulary" */;
			compatibilityVersion = "Xcode 9.3";
			developmentRegion = en;
			hasScannedForEncodings = 0;
			knownRegions = (
				en,
				Base,
			);
			mainGroup = B33B6EB122AB431600684E9E;
			productRefGroup = B33B6EBB22AB431600684E9E /* Products */;
			projectDirPath = "";
			projectRoot = "";
			targets = (
				B33B6EB922AB431600684E9E /* SwiftVocabulary */,
			);
		};
/* End PBXProject section */

/* Begin PBXResourcesBuildPhase section */
		B33B6EB822AB431600684E9E /* Resources */ = {
			isa = PBXResourcesBuildPhase;
			buildActionMask = 2147483647;
			files = (
				B33B6EC822AB431700684E9E /* LaunchScreen.storyboard in Resources */,
				B33B6EC522AB431700684E9E /* Assets.xcassets in Resources */,
				B33B6EC322AB431600684E9E /* Main.storyboard in Resources */,
			);
			runOnlyForDeploymentPostprocessing = 0;
		};
/* End PBXResourcesBuildPhase section */

/* Begin PBXSourcesBuildPhase section */
		B33B6EB622AB431600684E9E /* Sources */ = {
			isa = PBXSourcesBuildPhase;
			buildActionMask = 2147483647;
			files = (
				B33B6EC022AB431600684E9E /* ViewController.swift in Sources */,
				B33B6EBE22AB431600684E9E /* AppDelegate.swift in Sources */,
			);
			runOnlyForDeploymentPostprocessing = 0;
		};
/* End PBXSourcesBuildPhase section */

/* Begin PBXVariantGroup section */
		B33B6EC122AB431600684E9E /* Main.storyboard */ = {
			isa = PBXVariantGroup;
			children = (
				B33B6EC222AB431600684E9E /* Base */,
			);
			name = Main.storyboard;
			sourceTree = "<group>";
		};
		B33B6EC622AB431700684E9E /* LaunchScreen.storyboard */ = {
			isa = PBXVariantGroup;
			children = (
				B33B6EC722AB431700684E9E /* Base */,
			);
			name = LaunchScreen.storyboard;
			sourceTree = "<group>";
		};
/* End PBXVariantGroup section */

/* Begin XCBuildConfiguration section */
		B33B6ECA22AB431700684E9E /* Debug */ = {
			isa = XCBuildConfiguration;
			buildSettings = {
				ALWAYS_SEARCH_USER_PATHS = NO;
				CLANG_ANALYZER_NONNULL = YES;
				CLANG_ANALYZER_NUMBER_OBJECT_CONVERSION = YES_AGGRESSIVE;
				CLANG_CXX_LANGUAGE_STANDARD = "gnu++14";
				CLANG_CXX_LIBRARY = "libc++";
				CLANG_ENABLE_MODULES = YES;
				CLANG_ENABLE_OBJC_ARC = YES;
				CLANG_ENABLE_OBJC_WEAK = YES;
				CLANG_WARN_BLOCK_CAPTURE_AUTORELEASING = YES;
				CLANG_WARN_BOOL_CONVERSION = YES;
				CLANG_WARN_COMMA = YES;
				CLANG_WARN_CONSTANT_CONVERSION = YES;
				CLANG_WARN_DEPRECATED_OBJC_IMPLEMENTATIONS = YES;
				CLANG_WARN_DIRECT_OBJC_ISA_USAGE = YES_ERROR;
				CLANG_WARN_DOCUMENTATION_COMMENTS = YES;
				CLANG_WARN_EMPTY_BODY = YES;
				CLANG_WARN_ENUM_CONVERSION = YES;
				CLANG_WARN_INFINITE_RECURSION = YES;
				CLANG_WARN_INT_CONVERSION = YES;
				CLANG_WARN_NON_LITERAL_NULL_CONVERSION = YES;
				CLANG_WARN_OBJC_IMPLICIT_RETAIN_SELF = YES;
				CLANG_WARN_OBJC_LITERAL_CONVERSION = YES;
				CLANG_WARN_OBJC_ROOT_CLASS = YES_ERROR;
				CLANG_WARN_RANGE_LOOP_ANALYSIS = YES;
				CLANG_WARN_STRICT_PROTOTYPES = YES;
				CLANG_WARN_SUSPICIOUS_MOVE = YES;
				CLANG_WARN_UNGUARDED_AVAILABILITY = YES_AGGRESSIVE;
				CLANG_WARN_UNREACHABLE_CODE = YES;
				CLANG_WARN__DUPLICATE_METHOD_MATCH = YES;
				CODE_SIGN_IDENTITY = "iPhone Developer";
				COPY_PHASE_STRIP = NO;
				DEBUG_INFORMATION_FORMAT = dwarf;
				ENABLE_STRICT_OBJC_MSGSEND = YES;
				ENABLE_TESTABILITY = YES;
				GCC_C_LANGUAGE_STANDARD = gnu11;
				GCC_DYNAMIC_NO_PIC = NO;
				GCC_NO_COMMON_BLOCKS = YES;
				GCC_OPTIMIZATION_LEVEL = 0;
				GCC_PREPROCESSOR_DEFINITIONS = (
					"DEBUG=1",
					"$(inherited)",
				);
				GCC_WARN_64_TO_32_BIT_CONVERSION = YES;
				GCC_WARN_ABOUT_RETURN_TYPE = YES_ERROR;
				GCC_WARN_UNDECLARED_SELECTOR = YES;
				GCC_WARN_UNINITIALIZED_AUTOS = YES_AGGRESSIVE;
				GCC_WARN_UNUSED_FUNCTION = YES;
				GCC_WARN_UNUSED_VARIABLE = YES;
				IPHONEOS_DEPLOYMENT_TARGET = 12.1;
				MTL_ENABLE_DEBUG_INFO = INCLUDE_SOURCE;
				MTL_FAST_MATH = YES;
				ONLY_ACTIVE_ARCH = YES;
				SDKROOT = iphoneos;
				SWIFT_ACTIVE_COMPILATION_CONDITIONS = DEBUG;
				SWIFT_OPTIMIZATION_LEVEL = "-Onone";
			};
			name = Debug;
		};
		B33B6ECB22AB431700684E9E /* Release */ = {
			isa = XCBuildConfiguration;
			buildSettings = {
				ALWAYS_SEARCH_USER_PATHS = NO;
				CLANG_ANALYZER_NONNULL = YES;
				CLANG_ANALYZER_NUMBER_OBJECT_CONVERSION = YES_AGGRESSIVE;
				CLANG_CXX_LANGUAGE_STANDARD = "gnu++14";
				CLANG_CXX_LIBRARY = "libc++";
				CLANG_ENABLE_MODULES = YES;
				CLANG_ENABLE_OBJC_ARC = YES;
				CLANG_ENABLE_OBJC_WEAK = YES;
				CLANG_WARN_BLOCK_CAPTURE_AUTORELEASING = YES;
				CLANG_WARN_BOOL_CONVERSION = YES;
				CLANG_WARN_COMMA = YES;
				CLANG_WARN_CONSTANT_CONVERSION = YES;
				CLANG_WARN_DEPRECATED_OBJC_IMPLEMENTATIONS = YES;
				CLANG_WARN_DIRECT_OBJC_ISA_USAGE = YES_ERROR;
				CLANG_WARN_DOCUMENTATION_COMMENTS = YES;
				CLANG_WARN_EMPTY_BODY = YES;
				CLANG_WARN_ENUM_CONVERSION = YES;
				CLANG_WARN_INFINITE_RECURSION = YES;
				CLANG_WARN_INT_CONVERSION = YES;
				CLANG_WARN_NON_LITERAL_NULL_CONVERSION = YES;
				CLANG_WARN_OBJC_IMPLICIT_RETAIN_SELF = YES;
				CLANG_WARN_OBJC_LITERAL_CONVERSION = YES;
				CLANG_WARN_OBJC_ROOT_CLASS = YES_ERROR;
				CLANG_WARN_RANGE_LOOP_ANALYSIS = YES;
				CLANG_WARN_STRICT_PROTOTYPES = YES;
				CLANG_WARN_SUSPICIOUS_MOVE = YES;
				CLANG_WARN_UNGUARDED_AVAILABILITY = YES_AGGRESSIVE;
				CLANG_WARN_UNREACHABLE_CODE = YES;
				CLANG_WARN__DUPLICATE_METHOD_MATCH = YES;
				CODE_SIGN_IDENTITY = "iPhone Developer";
				COPY_PHASE_STRIP = NO;
				DEBUG_INFORMATION_FORMAT = "dwarf-with-dsym";
				ENABLE_NS_ASSERTIONS = NO;
				ENABLE_STRICT_OBJC_MSGSEND = YES;
				GCC_C_LANGUAGE_STANDARD = gnu11;
				GCC_NO_COMMON_BLOCKS = YES;
				GCC_WARN_64_TO_32_BIT_CONVERSION = YES;
				GCC_WARN_ABOUT_RETURN_TYPE = YES_ERROR;
				GCC_WARN_UNDECLARED_SELECTOR = YES;
				GCC_WARN_UNINITIALIZED_AUTOS = YES_AGGRESSIVE;
				GCC_WARN_UNUSED_FUNCTION = YES;
				GCC_WARN_UNUSED_VARIABLE = YES;
				IPHONEOS_DEPLOYMENT_TARGET = 12.1;
				MTL_ENABLE_DEBUG_INFO = NO;
				MTL_FAST_MATH = YES;
				SDKROOT = iphoneos;
				SWIFT_COMPILATION_MODE = wholemodule;
				SWIFT_OPTIMIZATION_LEVEL = "-O";
				VALIDATE_PRODUCT = YES;
			};
			name = Release;
		};
		B33B6ECD22AB431700684E9E /* Debug */ = {
			isa = XCBuildConfiguration;
			buildSettings = {
				ASSETCATALOG_COMPILER_APPICON_NAME = AppIcon;
				CODE_SIGN_STYLE = Automatic;
				DEVELOPMENT_TEAM = SBB8C9E36E;
				INFOPLIST_FILE = "$(SRCROOT)/Resources/Info.plist";
				LD_RUNPATH_SEARCH_PATHS = (
					"$(inherited)",
					"@executable_path/Frameworks",
				);
				PRODUCT_BUNDLE_IDENTIFIER = com.seschwan.SwiftVocabulary;
				PRODUCT_NAME = "$(TARGET_NAME)";
				SWIFT_VERSION = 4.2;
				TARGETED_DEVICE_FAMILY = "1,2";
			};
			name = Debug;
		};
		B33B6ECE22AB431700684E9E /* Release */ = {
			isa = XCBuildConfiguration;
			buildSettings = {
				ASSETCATALOG_COMPILER_APPICON_NAME = AppIcon;
				CODE_SIGN_STYLE = Automatic;
				DEVELOPMENT_TEAM = SBB8C9E36E;
				INFOPLIST_FILE = "$(SRCROOT)/Resources/Info.plist";
				LD_RUNPATH_SEARCH_PATHS = (
					"$(inherited)",
					"@executable_path/Frameworks",
				);
				PRODUCT_BUNDLE_IDENTIFIER = com.seschwan.SwiftVocabulary;
				PRODUCT_NAME = "$(TARGET_NAME)";
				SWIFT_VERSION = 4.2;
				TARGETED_DEVICE_FAMILY = "1,2";
			};
			name = Release;
		};
/* End XCBuildConfiguration section */

/* Begin XCConfigurationList section */
		B33B6EB522AB431600684E9E /* Build configuration list for PBXProject "SwiftVocabulary" */ = {
			isa = XCConfigurationList;
			buildConfigurations = (
				B33B6ECA22AB431700684E9E /* Debug */,
				B33B6ECB22AB431700684E9E /* Release */,
			);
			defaultConfigurationIsVisible = 0;
			defaultConfigurationName = Release;
		};
		B33B6ECC22AB431700684E9E /* Build configuration list for PBXNativeTarget "SwiftVocabulary" */ = {
			isa = XCConfigurationList;
			buildConfigurations = (
				B33B6ECD22AB431700684E9E /* Debug */,
				B33B6ECE22AB431700684E9E /* Release */,
			);
			defaultConfigurationIsVisible = 0;
			defaultConfigurationName = Release;
		};
/* End XCConfigurationList section */
	};
	rootObject = B33B6EB222AB431600684E9E /* Project object */;
}
